// !$*UTF8*$!
{
	archiveVersion = 1;
	classes = {
	};
	objectVersion = 50;
	objects = {

/* Begin PBXBuildFile section */
		3F504CEA24E67F4D0095B3EF /* AVLTreeUnitTests.swift in Sources */ = {isa = PBXBuildFile; fileRef = 3F504CE824E67F4D0095B3EF /* AVLTreeUnitTests.swift */; };
		3F504CEB24E67F4D0095B3EF /* BSTUnitTests.swift in Sources */ = {isa = PBXBuildFile; fileRef = 3F504CE924E67F4D0095B3EF /* BSTUnitTests.swift */; };
		3F504CF124E67F650095B3EF /* BinaryTreeNodeType.swift in Sources */ = {isa = PBXBuildFile; fileRef = 3F504CEE24E67F650095B3EF /* BinaryTreeNodeType.swift */; };
		3F504CF224E67F650095B3EF /* BinaryTreeNodeType.swift in Sources */ = {isa = PBXBuildFile; fileRef = 3F504CEE24E67F650095B3EF /* BinaryTreeNodeType.swift */; };
		3F504CF424E67FBB0095B3EF /* BinarySearchTree.swift in Sources */ = {isa = PBXBuildFile; fileRef = 3F504CF324E67FBB0095B3EF /* BinarySearchTree.swift */; };
		3F504CF524E67FBB0095B3EF /* BinarySearchTree.swift in Sources */ = {isa = PBXBuildFile; fileRef = 3F504CF324E67FBB0095B3EF /* BinarySearchTree.swift */; };
		3F504CF724E682210095B3EF /* AVLTree.swift in Sources */ = {isa = PBXBuildFile; fileRef = 3F504CF624E682210095B3EF /* AVLTree.swift */; };
		3F504CF824E682210095B3EF /* AVLTree.swift in Sources */ = {isa = PBXBuildFile; fileRef = 3F504CF624E682210095B3EF /* AVLTree.swift */; };
		3F504CFA24E6825D0095B3EF /* BinarySearchTreeNodeType.swift in Sources */ = {isa = PBXBuildFile; fileRef = 3F504CF924E6825D0095B3EF /* BinarySearchTreeNodeType.swift */; };
		3F504CFB24E6825D0095B3EF /* BinarySearchTreeNodeType.swift in Sources */ = {isa = PBXBuildFile; fileRef = 3F504CF924E6825D0095B3EF /* BinarySearchTreeNodeType.swift */; };
		3F504CFD24E686F70095B3EF /* BinarySearchTreeNode.swift in Sources */ = {isa = PBXBuildFile; fileRef = 3F504CFC24E686F70095B3EF /* BinarySearchTreeNode.swift */; };
		3F504CFE24E686F70095B3EF /* BinarySearchTreeNode.swift in Sources */ = {isa = PBXBuildFile; fileRef = 3F504CFC24E686F70095B3EF /* BinarySearchTreeNode.swift */; };
		3F504D0024E687970095B3EF /* BinarySearchTreeType.swift in Sources */ = {isa = PBXBuildFile; fileRef = 3F504CFF24E687970095B3EF /* BinarySearchTreeType.swift */; };
		3F504D0124E687970095B3EF /* BinarySearchTreeType.swift in Sources */ = {isa = PBXBuildFile; fileRef = 3F504CFF24E687970095B3EF /* BinarySearchTreeType.swift */; };
		3F504D0324E687A60095B3EF /* BaseBinarySearchTree.swift in Sources */ = {isa = PBXBuildFile; fileRef = 3F504D0224E687A60095B3EF /* BaseBinarySearchTree.swift */; };
		3F504D0424E687A60095B3EF /* BaseBinarySearchTree.swift in Sources */ = {isa = PBXBuildFile; fileRef = 3F504D0224E687A60095B3EF /* BaseBinarySearchTree.swift */; };
		3F504D0624E6A5410095B3EF /* BitwiseOperations.swift in Sources */ = {isa = PBXBuildFile; fileRef = 3F504D0524E6A5410095B3EF /* BitwiseOperations.swift */; };
		3F504D0724E6A5410095B3EF /* BitwiseOperations.swift in Sources */ = {isa = PBXBuildFile; fileRef = 3F504D0524E6A5410095B3EF /* BitwiseOperations.swift */; };
		3F504D0924E6BF0A0095B3EF /* BitwiseOperationsTests.swift in Sources */ = {isa = PBXBuildFile; fileRef = 3F504D0824E6BF0A0095B3EF /* BitwiseOperationsTests.swift */; };
		3F504D0B24E6E68C0095B3EF /* HashMapWithChaining.swift in Sources */ = {isa = PBXBuildFile; fileRef = 3F504D0A24E6E68C0095B3EF /* HashMapWithChaining.swift */; };
		3F504D0C24E6E68C0095B3EF /* HashMapWithChaining.swift in Sources */ = {isa = PBXBuildFile; fileRef = 3F504D0A24E6E68C0095B3EF /* HashMapWithChaining.swift */; };
		3F504D0E24E6EB250095B3EF /* HashMapType.swift in Sources */ = {isa = PBXBuildFile; fileRef = 3F504D0D24E6EB250095B3EF /* HashMapType.swift */; };
		3F504D0F24E6EB250095B3EF /* HashMapType.swift in Sources */ = {isa = PBXBuildFile; fileRef = 3F504D0D24E6EB250095B3EF /* HashMapType.swift */; };
		3F504D1124E701D80095B3EF /* HashMapWithChainingTests.swift in Sources */ = {isa = PBXBuildFile; fileRef = 3F504D1024E701D80095B3EF /* HashMapWithChainingTests.swift */; };
		3F689DC424E582FA0021AA2F /* LinkedListTests.swift in Sources */ = {isa = PBXBuildFile; fileRef = 3F689DC324E582F90021AA2F /* LinkedListTests.swift */; };
		3F689DC524E583D40021AA2F /* LinkedList.swift in Sources */ = {isa = PBXBuildFile; fileRef = 3FCD8FEF24E3CC8600C5E575 /* LinkedList.swift */; };
		3F72BAC724E91BD500335D47 /* RollingHash.swift in Sources */ = {isa = PBXBuildFile; fileRef = 3F72BAC624E91BD500335D47 /* RollingHash.swift */; };
		3F72BAC824E91BD500335D47 /* RollingHash.swift in Sources */ = {isa = PBXBuildFile; fileRef = 3F72BAC624E91BD500335D47 /* RollingHash.swift */; };
		3F72BACA24E91CB900335D47 /* MathUtils.swift in Sources */ = {isa = PBXBuildFile; fileRef = 3F72BAC924E91CB900335D47 /* MathUtils.swift */; };
		3F72BACB24E91CB900335D47 /* MathUtils.swift in Sources */ = {isa = PBXBuildFile; fileRef = 3F72BAC924E91CB900335D47 /* MathUtils.swift */; };
		3F72BACD24E91E4000335D47 /* KarpRobin.swift in Sources */ = {isa = PBXBuildFile; fileRef = 3F72BACC24E91E4000335D47 /* KarpRobin.swift */; };
		3F72BACE24E91E4000335D47 /* KarpRobin.swift in Sources */ = {isa = PBXBuildFile; fileRef = 3F72BACC24E91E4000335D47 /* KarpRobin.swift */; };
		3F72BAD224E91E7C00335D47 /* KarpRobinTests.swift in Sources */ = {isa = PBXBuildFile; fileRef = 3F72BAD124E91E7C00335D47 /* KarpRobinTests.swift */; };
		3F72BAD424E9596600335D47 /* NewtonsMethod.swift in Sources */ = {isa = PBXBuildFile; fileRef = 3F72BAD324E9596600335D47 /* NewtonsMethod.swift */; };
		3F72BAD624E95CD500335D47 /* NewtonsMethodTests.swift in Sources */ = {isa = PBXBuildFile; fileRef = 3F72BAD524E95CD500335D47 /* NewtonsMethodTests.swift */; };
		3F72BAD724E95D8500335D47 /* NewtonsMethod.swift in Sources */ = {isa = PBXBuildFile; fileRef = 3F72BAD324E9596600335D47 /* NewtonsMethod.swift */; };
		3F72BAD924E9B30600335D47 /* Karatsuba.swift in Sources */ = {isa = PBXBuildFile; fileRef = 3F72BAD824E9B30600335D47 /* Karatsuba.swift */; };
		3F72BADA24E9B30600335D47 /* Karatsuba.swift in Sources */ = {isa = PBXBuildFile; fileRef = 3F72BAD824E9B30600335D47 /* Karatsuba.swift */; };
		3F72BADC24E9B50900335D47 /* KaratsubaTests.swift in Sources */ = {isa = PBXBuildFile; fileRef = 3F72BADB24E9B50900335D47 /* KaratsubaTests.swift */; };
		3F72BAE224EA97F600335D47 /* UnweightedGraph.swift in Sources */ = {isa = PBXBuildFile; fileRef = 3F72BAE124EA97F600335D47 /* UnweightedGraph.swift */; };
		3F72BAE324EA97F600335D47 /* UnweightedGraph.swift in Sources */ = {isa = PBXBuildFile; fileRef = 3F72BAE124EA97F600335D47 /* UnweightedGraph.swift */; };
		3F72BAE524EA987500335D47 /* GraphSearch.swift in Sources */ = {isa = PBXBuildFile; fileRef = 3F72BAE424EA987500335D47 /* GraphSearch.swift */; };
		3F72BAE624EA987500335D47 /* GraphSearch.swift in Sources */ = {isa = PBXBuildFile; fileRef = 3F72BAE424EA987500335D47 /* GraphSearch.swift */; };
		3F72BAE824EA98A000335D47 /* UnweightedGraphSearch.swift in Sources */ = {isa = PBXBuildFile; fileRef = 3F72BAE724EA98A000335D47 /* UnweightedGraphSearch.swift */; };
		3F72BAE924EA98A000335D47 /* UnweightedGraphSearch.swift in Sources */ = {isa = PBXBuildFile; fileRef = 3F72BAE724EA98A000335D47 /* UnweightedGraphSearch.swift */; };
		3F72BAEB24EA991400335D47 /* WeightedGraph.swift in Sources */ = {isa = PBXBuildFile; fileRef = 3F72BAEA24EA991400335D47 /* WeightedGraph.swift */; };
		3F72BAEC24EA991400335D47 /* WeightedGraph.swift in Sources */ = {isa = PBXBuildFile; fileRef = 3F72BAEA24EA991400335D47 /* WeightedGraph.swift */; };
		3F72BAEF24EA99CE00335D47 /* BreadthFirstSearch.swift in Sources */ = {isa = PBXBuildFile; fileRef = 3F72BAEE24EA99CE00335D47 /* BreadthFirstSearch.swift */; };
		3F72BAF024EA99CE00335D47 /* BreadthFirstSearch.swift in Sources */ = {isa = PBXBuildFile; fileRef = 3F72BAEE24EA99CE00335D47 /* BreadthFirstSearch.swift */; };
		3F72BAF224EA9A0A00335D47 /* DepthFirstSearch.swift in Sources */ = {isa = PBXBuildFile; fileRef = 3F72BAF124EA9A0A00335D47 /* DepthFirstSearch.swift */; };
		3F72BAF324EA9A0A00335D47 /* DepthFirstSearch.swift in Sources */ = {isa = PBXBuildFile; fileRef = 3F72BAF124EA9A0A00335D47 /* DepthFirstSearch.swift */; };
		3F72BAF524EA9D6500335D47 /* WeightedGrapSearch.swift in Sources */ = {isa = PBXBuildFile; fileRef = 3F72BAF424EA9D6500335D47 /* WeightedGrapSearch.swift */; };
		3F72BAF624EA9D6500335D47 /* WeightedGrapSearch.swift in Sources */ = {isa = PBXBuildFile; fileRef = 3F72BAF424EA9D6500335D47 /* WeightedGrapSearch.swift */; };
		3F72BAF824EA9EEA00335D47 /* Dijkstra.swift in Sources */ = {isa = PBXBuildFile; fileRef = 3F72BAF724EA9EEA00335D47 /* Dijkstra.swift */; };
		3F72BAF924EA9EEA00335D47 /* Dijkstra.swift in Sources */ = {isa = PBXBuildFile; fileRef = 3F72BAF724EA9EEA00335D47 /* Dijkstra.swift */; };
		3F72BAFB24EA9F7E00335D47 /* BellmanFord.swift in Sources */ = {isa = PBXBuildFile; fileRef = 3F72BAFA24EA9F7E00335D47 /* BellmanFord.swift */; };
		3F72BAFC24EA9F7E00335D47 /* BellmanFord.swift in Sources */ = {isa = PBXBuildFile; fileRef = 3F72BAFA24EA9F7E00335D47 /* BellmanFord.swift */; };
		3F72BAFE24EAA00500335D47 /* TopologicalOrderExploration.swift in Sources */ = {isa = PBXBuildFile; fileRef = 3F72BAFD24EAA00500335D47 /* TopologicalOrderExploration.swift */; };
		3F72BAFF24EAA00500335D47 /* TopologicalOrderExploration.swift in Sources */ = {isa = PBXBuildFile; fileRef = 3F72BAFD24EAA00500335D47 /* TopologicalOrderExploration.swift */; };
		3F72BB0724EAA33000335D47 /* TedJoeTravel.swift in Sources */ = {isa = PBXBuildFile; fileRef = 3F72BB0124EAA33000335D47 /* TedJoeTravel.swift */; };
		3F72BB0824EAA33000335D47 /* TedJoeTravel.swift in Sources */ = {isa = PBXBuildFile; fileRef = 3F72BB0124EAA33000335D47 /* TedJoeTravel.swift */; };
		3F72BB0B24EAA33000335D47 /* BinarySearchRotated.swift in Sources */ = {isa = PBXBuildFile; fileRef = 3F72BB0324EAA33000335D47 /* BinarySearchRotated.swift */; };
		3F72BB0C24EAA33000335D47 /* BinarySearchRotated.swift in Sources */ = {isa = PBXBuildFile; fileRef = 3F72BB0324EAA33000335D47 /* BinarySearchRotated.swift */; };
		3F72BB0F24EAA33000335D47 /* Crazy8.swift in Sources */ = {isa = PBXBuildFile; fileRef = 3F72BB0524EAA33000335D47 /* Crazy8.swift */; };
		3F72BB1024EAA33000335D47 /* Crazy8.swift in Sources */ = {isa = PBXBuildFile; fileRef = 3F72BB0524EAA33000335D47 /* Crazy8.swift */; };
		3F72BB1124EAA33000335D47 /* LongestSortedSubsequence.swift in Sources */ = {isa = PBXBuildFile; fileRef = 3F72BB0624EAA33000335D47 /* LongestSortedSubsequence.swift */; };
		3F72BB1224EAA33000335D47 /* LongestSortedSubsequence.swift in Sources */ = {isa = PBXBuildFile; fileRef = 3F72BB0624EAA33000335D47 /* LongestSortedSubsequence.swift */; };
		3F72BB1424EAA37300335D47 /* TextJustification.swift in Sources */ = {isa = PBXBuildFile; fileRef = 3F72BB1324EAA37300335D47 /* TextJustification.swift */; };
		3F72BB1524EAA37300335D47 /* TextJustification.swift in Sources */ = {isa = PBXBuildFile; fileRef = 3F72BB1324EAA37300335D47 /* TextJustification.swift */; };
		3F72BB1724EAA37900335D47 /* Knapsack.swift in Sources */ = {isa = PBXBuildFile; fileRef = 3F72BB1624EAA37900335D47 /* Knapsack.swift */; };
		3F72BB1824EAA37900335D47 /* Knapsack.swift in Sources */ = {isa = PBXBuildFile; fileRef = 3F72BB1624EAA37900335D47 /* Knapsack.swift */; };
		3F72BB1B24EAA4A700335D47 /* BreadthFirstSearchTests.swift in Sources */ = {isa = PBXBuildFile; fileRef = 3F72BB1A24EAA4A700335D47 /* BreadthFirstSearchTests.swift */; };
		3F72BB1D24EAA59900335D47 /* BinarySearch.swift in Sources */ = {isa = PBXBuildFile; fileRef = 3F72BB1C24EAA59900335D47 /* BinarySearch.swift */; };
		3F72BB1E24EAA59900335D47 /* BinarySearch.swift in Sources */ = {isa = PBXBuildFile; fileRef = 3F72BB1C24EAA59900335D47 /* BinarySearch.swift */; };
		3F72BB2024EAA5E900335D47 /* KthMin.swift in Sources */ = {isa = PBXBuildFile; fileRef = 3F72BB1F24EAA5E900335D47 /* KthMin.swift */; };
		3F72BB2124EAA5E900335D47 /* KthMin.swift in Sources */ = {isa = PBXBuildFile; fileRef = 3F72BB1F24EAA5E900335D47 /* KthMin.swift */; };
		3F72BB2324EAA64100335D47 /* MedianMaintaining.swift in Sources */ = {isa = PBXBuildFile; fileRef = 3F72BB2224EAA64000335D47 /* MedianMaintaining.swift */; };
		3F72BB2424EAA64100335D47 /* MedianMaintaining.swift in Sources */ = {isa = PBXBuildFile; fileRef = 3F72BB2224EAA64000335D47 /* MedianMaintaining.swift */; };
		3F72BB2624EAA67100335D47 /* PartialMaxima.swift in Sources */ = {isa = PBXBuildFile; fileRef = 3F72BB2524EAA67000335D47 /* PartialMaxima.swift */; };
		3F72BB2724EAA67100335D47 /* PartialMaxima.swift in Sources */ = {isa = PBXBuildFile; fileRef = 3F72BB2524EAA67000335D47 /* PartialMaxima.swift */; };
		3F72BB2924EAAFE100335D47 /* BinarySearchTests.swift in Sources */ = {isa = PBXBuildFile; fileRef = 3F72BB2824EAAFE100335D47 /* BinarySearchTests.swift */; };
		3FAC842E24DEC6ED004B39C8 /* main.swift in Sources */ = {isa = PBXBuildFile; fileRef = 3FAC842D24DEC6ED004B39C8 /* main.swift */; };
		3FAC844324DECA11004B39C8 /* PeakFinding.swift in Sources */ = {isa = PBXBuildFile; fileRef = 3FAC844224DECA11004B39C8 /* PeakFinding.swift */; };
		3FAC844424DECA11004B39C8 /* PeakFinding.swift in Sources */ = {isa = PBXBuildFile; fileRef = 3FAC844224DECA11004B39C8 /* PeakFinding.swift */; };
		3FAC844624DECA92004B39C8 /* PeakFindingTests.swift in Sources */ = {isa = PBXBuildFile; fileRef = 3FAC844524DECA92004B39C8 /* PeakFindingTests.swift */; };
		3FAC844824DF08B7004B39C8 /* ArrayExtensions.swift in Sources */ = {isa = PBXBuildFile; fileRef = 3FAC844724DF08B7004B39C8 /* ArrayExtensions.swift */; };
		3FAC844924DF08B7004B39C8 /* ArrayExtensions.swift in Sources */ = {isa = PBXBuildFile; fileRef = 3FAC844724DF08B7004B39C8 /* ArrayExtensions.swift */; };
		3FAC844B24DF0DD2004B39C8 /* CollectionExtensions.swift in Sources */ = {isa = PBXBuildFile; fileRef = 3FAC844A24DF0DD2004B39C8 /* CollectionExtensions.swift */; };
		3FAC844C24DF0DD2004B39C8 /* CollectionExtensions.swift in Sources */ = {isa = PBXBuildFile; fileRef = 3FAC844A24DF0DD2004B39C8 /* CollectionExtensions.swift */; };
		3FAC844E24DF1A43004B39C8 /* Array2D.swift in Sources */ = {isa = PBXBuildFile; fileRef = 3FAC844D24DF1A43004B39C8 /* Array2D.swift */; };
		3FAC844F24DF1A43004B39C8 /* Array2D.swift in Sources */ = {isa = PBXBuildFile; fileRef = 3FAC844D24DF1A43004B39C8 /* Array2D.swift */; };
		3FAC845124DF1D42004B39C8 /* Array2DTests.swift in Sources */ = {isa = PBXBuildFile; fileRef = 3FAC845024DF1D42004B39C8 /* Array2DTests.swift */; };
		3FCD8FD324E07CD700C5E575 /* DocumentSimilarity.swift in Sources */ = {isa = PBXBuildFile; fileRef = 3FCD8FD224E07CD700C5E575 /* DocumentSimilarity.swift */; };
		3FCD8FD524E0811C00C5E575 /* DocumentSimilarityTests.swift in Sources */ = {isa = PBXBuildFile; fileRef = 3FCD8FD424E0811C00C5E575 /* DocumentSimilarityTests.swift */; };
		3FCD8FD624E084DF00C5E575 /* DocumentSimilarity.swift in Sources */ = {isa = PBXBuildFile; fileRef = 3FCD8FD224E07CD700C5E575 /* DocumentSimilarity.swift */; };
		3FCD8FD824E08A8500C5E575 /* Utils.swift in Sources */ = {isa = PBXBuildFile; fileRef = 3FCD8FD724E08A8500C5E575 /* Utils.swift */; };
		3FCD8FDB24E1933500C5E575 /* Sorting.swift in Sources */ = {isa = PBXBuildFile; fileRef = 3FCD8FDA24E1933500C5E575 /* Sorting.swift */; };
		3FCD8FDD24E1948700C5E575 /* SequenceExtensions.swift in Sources */ = {isa = PBXBuildFile; fileRef = 3FCD8FDC24E1948700C5E575 /* SequenceExtensions.swift */; };
		3FCD8FDF24E19AC500C5E575 /* IntExtensions.swift in Sources */ = {isa = PBXBuildFile; fileRef = 3FCD8FDE24E19AC500C5E575 /* IntExtensions.swift */; };
		3FCD8FE124E19B2300C5E575 /* LinearSorting.swift in Sources */ = {isa = PBXBuildFile; fileRef = 3FCD8FE024E19B2300C5E575 /* LinearSorting.swift */; };
		3FCD8FE324E1A11D00C5E575 /* SortingTests.swift in Sources */ = {isa = PBXBuildFile; fileRef = 3FCD8FE224E1A11D00C5E575 /* SortingTests.swift */; };
		3FCD8FE424E1A22E00C5E575 /* Sorting.swift in Sources */ = {isa = PBXBuildFile; fileRef = 3FCD8FDA24E1933500C5E575 /* Sorting.swift */; };
		3FCD8FE524E1A23300C5E575 /* IntExtensions.swift in Sources */ = {isa = PBXBuildFile; fileRef = 3FCD8FDE24E19AC500C5E575 /* IntExtensions.swift */; };
		3FCD8FE624E1A23700C5E575 /* SequenceExtensions.swift in Sources */ = {isa = PBXBuildFile; fileRef = 3FCD8FDC24E1948700C5E575 /* SequenceExtensions.swift */; };
		3FCD8FE724E1A23900C5E575 /* Utils.swift in Sources */ = {isa = PBXBuildFile; fileRef = 3FCD8FD724E08A8500C5E575 /* Utils.swift */; };
		3FCD8FE824E1A23C00C5E575 /* LinearSorting.swift in Sources */ = {isa = PBXBuildFile; fileRef = 3FCD8FE024E19B2300C5E575 /* LinearSorting.swift */; };
		3FCD8FEA24E1B4C200C5E575 /* Heap.swift in Sources */ = {isa = PBXBuildFile; fileRef = 3FCD8FE924E1B4C200C5E575 /* Heap.swift */; };
		3FCD8FEB24E1C4C900C5E575 /* Heap.swift in Sources */ = {isa = PBXBuildFile; fileRef = 3FCD8FE924E1B4C200C5E575 /* Heap.swift */; };
		3FCD8FED24E1EFB700C5E575 /* LinearSortingTests.swift in Sources */ = {isa = PBXBuildFile; fileRef = 3FCD8FEC24E1EFB700C5E575 /* LinearSortingTests.swift */; };
		3FCD8FF024E3CC8600C5E575 /* LinkedList.swift in Sources */ = {isa = PBXBuildFile; fileRef = 3FCD8FEF24E3CC8600C5E575 /* LinkedList.swift */; };
/* End PBXBuildFile section */

/* Begin PBXCopyFilesBuildPhase section */
		3FAC842824DEC6ED004B39C8 /* CopyFiles */ = {
			isa = PBXCopyFilesBuildPhase;
			buildActionMask = 2147483647;
			dstPath = /usr/share/man/man1/;
			dstSubfolderSpec = 0;
			files = (
			);
			runOnlyForDeploymentPostprocessing = 1;
		};
/* End PBXCopyFilesBuildPhase section */

/* Begin PBXFileReference section */
		3F504CE824E67F4D0095B3EF /* AVLTreeUnitTests.swift */ = {isa = PBXFileReference; fileEncoding = 4; lastKnownFileType = sourcecode.swift; path = AVLTreeUnitTests.swift; sourceTree = "<group>"; };
		3F504CE924E67F4D0095B3EF /* BSTUnitTests.swift */ = {isa = PBXFileReference; fileEncoding = 4; lastKnownFileType = sourcecode.swift; path = BSTUnitTests.swift; sourceTree = "<group>"; };
		3F504CEE24E67F650095B3EF /* BinaryTreeNodeType.swift */ = {isa = PBXFileReference; fileEncoding = 4; lastKnownFileType = sourcecode.swift; path = BinaryTreeNodeType.swift; sourceTree = "<group>"; };
		3F504CF324E67FBB0095B3EF /* BinarySearchTree.swift */ = {isa = PBXFileReference; lastKnownFileType = sourcecode.swift; path = BinarySearchTree.swift; sourceTree = "<group>"; };
		3F504CF624E682210095B3EF /* AVLTree.swift */ = {isa = PBXFileReference; lastKnownFileType = sourcecode.swift; path = AVLTree.swift; sourceTree = "<group>"; };
		3F504CF924E6825D0095B3EF /* BinarySearchTreeNodeType.swift */ = {isa = PBXFileReference; lastKnownFileType = sourcecode.swift; path = BinarySearchTreeNodeType.swift; sourceTree = "<group>"; };
		3F504CFC24E686F70095B3EF /* BinarySearchTreeNode.swift */ = {isa = PBXFileReference; lastKnownFileType = sourcecode.swift; path = BinarySearchTreeNode.swift; sourceTree = "<group>"; };
		3F504CFF24E687970095B3EF /* BinarySearchTreeType.swift */ = {isa = PBXFileReference; lastKnownFileType = sourcecode.swift; path = BinarySearchTreeType.swift; sourceTree = "<group>"; };
		3F504D0224E687A60095B3EF /* BaseBinarySearchTree.swift */ = {isa = PBXFileReference; lastKnownFileType = sourcecode.swift; path = BaseBinarySearchTree.swift; sourceTree = "<group>"; };
		3F504D0524E6A5410095B3EF /* BitwiseOperations.swift */ = {isa = PBXFileReference; fileEncoding = 4; lastKnownFileType = sourcecode.swift; path = BitwiseOperations.swift; sourceTree = "<group>"; };
		3F504D0824E6BF0A0095B3EF /* BitwiseOperationsTests.swift */ = {isa = PBXFileReference; lastKnownFileType = sourcecode.swift; path = BitwiseOperationsTests.swift; sourceTree = "<group>"; };
		3F504D0A24E6E68C0095B3EF /* HashMapWithChaining.swift */ = {isa = PBXFileReference; fileEncoding = 4; lastKnownFileType = sourcecode.swift; path = HashMapWithChaining.swift; sourceTree = "<group>"; };
		3F504D0D24E6EB250095B3EF /* HashMapType.swift */ = {isa = PBXFileReference; lastKnownFileType = sourcecode.swift; path = HashMapType.swift; sourceTree = "<group>"; };
		3F504D1024E701D80095B3EF /* HashMapWithChainingTests.swift */ = {isa = PBXFileReference; lastKnownFileType = sourcecode.swift; path = HashMapWithChainingTests.swift; sourceTree = "<group>"; };
		3F689DC324E582F90021AA2F /* LinkedListTests.swift */ = {isa = PBXFileReference; lastKnownFileType = sourcecode.swift; path = LinkedListTests.swift; sourceTree = "<group>"; };
		3F72BAC624E91BD500335D47 /* RollingHash.swift */ = {isa = PBXFileReference; fileEncoding = 4; lastKnownFileType = sourcecode.swift; path = RollingHash.swift; sourceTree = "<group>"; };
		3F72BAC924E91CB900335D47 /* MathUtils.swift */ = {isa = PBXFileReference; lastKnownFileType = sourcecode.swift; path = MathUtils.swift; sourceTree = "<group>"; };
		3F72BACC24E91E4000335D47 /* KarpRobin.swift */ = {isa = PBXFileReference; lastKnownFileType = sourcecode.swift; path = KarpRobin.swift; sourceTree = "<group>"; };
		3F72BAD124E91E7C00335D47 /* KarpRobinTests.swift */ = {isa = PBXFileReference; lastKnownFileType = sourcecode.swift; path = KarpRobinTests.swift; sourceTree = "<group>"; };
		3F72BAD324E9596600335D47 /* NewtonsMethod.swift */ = {isa = PBXFileReference; lastKnownFileType = sourcecode.swift; path = NewtonsMethod.swift; sourceTree = "<group>"; };
		3F72BAD524E95CD500335D47 /* NewtonsMethodTests.swift */ = {isa = PBXFileReference; lastKnownFileType = sourcecode.swift; path = NewtonsMethodTests.swift; sourceTree = "<group>"; };
		3F72BAD824E9B30600335D47 /* Karatsuba.swift */ = {isa = PBXFileReference; lastKnownFileType = sourcecode.swift; path = Karatsuba.swift; sourceTree = "<group>"; };
		3F72BADB24E9B50900335D47 /* KaratsubaTests.swift */ = {isa = PBXFileReference; lastKnownFileType = sourcecode.swift; path = KaratsubaTests.swift; sourceTree = "<group>"; };
		3F72BAE124EA97F600335D47 /* UnweightedGraph.swift */ = {isa = PBXFileReference; lastKnownFileType = sourcecode.swift; path = UnweightedGraph.swift; sourceTree = "<group>"; };
		3F72BAE424EA987500335D47 /* GraphSearch.swift */ = {isa = PBXFileReference; lastKnownFileType = sourcecode.swift; path = GraphSearch.swift; sourceTree = "<group>"; };
		3F72BAE724EA98A000335D47 /* UnweightedGraphSearch.swift */ = {isa = PBXFileReference; lastKnownFileType = sourcecode.swift; path = UnweightedGraphSearch.swift; sourceTree = "<group>"; };
		3F72BAEA24EA991400335D47 /* WeightedGraph.swift */ = {isa = PBXFileReference; lastKnownFileType = sourcecode.swift; path = WeightedGraph.swift; sourceTree = "<group>"; };
		3F72BAEE24EA99CE00335D47 /* BreadthFirstSearch.swift */ = {isa = PBXFileReference; lastKnownFileType = sourcecode.swift; path = BreadthFirstSearch.swift; sourceTree = "<group>"; };
		3F72BAF124EA9A0A00335D47 /* DepthFirstSearch.swift */ = {isa = PBXFileReference; lastKnownFileType = sourcecode.swift; path = DepthFirstSearch.swift; sourceTree = "<group>"; };
		3F72BAF424EA9D6500335D47 /* WeightedGrapSearch.swift */ = {isa = PBXFileReference; lastKnownFileType = sourcecode.swift; path = WeightedGrapSearch.swift; sourceTree = "<group>"; };
		3F72BAF724EA9EEA00335D47 /* Dijkstra.swift */ = {isa = PBXFileReference; lastKnownFileType = sourcecode.swift; path = Dijkstra.swift; sourceTree = "<group>"; };
		3F72BAFA24EA9F7E00335D47 /* BellmanFord.swift */ = {isa = PBXFileReference; lastKnownFileType = sourcecode.swift; path = BellmanFord.swift; sourceTree = "<group>"; };
		3F72BAFD24EAA00500335D47 /* TopologicalOrderExploration.swift */ = {isa = PBXFileReference; lastKnownFileType = sourcecode.swift; path = TopologicalOrderExploration.swift; sourceTree = "<group>"; };
		3F72BB0124EAA33000335D47 /* TedJoeTravel.swift */ = {isa = PBXFileReference; fileEncoding = 4; lastKnownFileType = sourcecode.swift; path = TedJoeTravel.swift; sourceTree = "<group>"; };
		3F72BB0324EAA33000335D47 /* BinarySearchRotated.swift */ = {isa = PBXFileReference; fileEncoding = 4; lastKnownFileType = sourcecode.swift; path = BinarySearchRotated.swift; sourceTree = "<group>"; };
		3F72BB0524EAA33000335D47 /* Crazy8.swift */ = {isa = PBXFileReference; fileEncoding = 4; lastKnownFileType = sourcecode.swift; path = Crazy8.swift; sourceTree = "<group>"; };
		3F72BB0624EAA33000335D47 /* LongestSortedSubsequence.swift */ = {isa = PBXFileReference; fileEncoding = 4; lastKnownFileType = sourcecode.swift; path = LongestSortedSubsequence.swift; sourceTree = "<group>"; };
		3F72BB1324EAA37300335D47 /* TextJustification.swift */ = {isa = PBXFileReference; fileEncoding = 4; lastKnownFileType = sourcecode.swift; path = TextJustification.swift; sourceTree = "<group>"; };
		3F72BB1624EAA37900335D47 /* Knapsack.swift */ = {isa = PBXFileReference; fileEncoding = 4; lastKnownFileType = sourcecode.swift; path = Knapsack.swift; sourceTree = "<group>"; };
		3F72BB1A24EAA4A700335D47 /* BreadthFirstSearchTests.swift */ = {isa = PBXFileReference; lastKnownFileType = sourcecode.swift; path = BreadthFirstSearchTests.swift; sourceTree = "<group>"; };
		3F72BB1C24EAA59900335D47 /* BinarySearch.swift */ = {isa = PBXFileReference; lastKnownFileType = sourcecode.swift; path = BinarySearch.swift; sourceTree = "<group>"; };
		3F72BB1F24EAA5E900335D47 /* KthMin.swift */ = {isa = PBXFileReference; lastKnownFileType = sourcecode.swift; path = KthMin.swift; sourceTree = "<group>"; };
		3F72BB2224EAA64000335D47 /* MedianMaintaining.swift */ = {isa = PBXFileReference; lastKnownFileType = sourcecode.swift; path = MedianMaintaining.swift; sourceTree = "<group>"; };
		3F72BB2524EAA67000335D47 /* PartialMaxima.swift */ = {isa = PBXFileReference; lastKnownFileType = sourcecode.swift; path = PartialMaxima.swift; sourceTree = "<group>"; };
		3F72BB2824EAAFE100335D47 /* BinarySearchTests.swift */ = {isa = PBXFileReference; lastKnownFileType = sourcecode.swift; path = BinarySearchTests.swift; sourceTree = "<group>"; };
		3FAC842A24DEC6ED004B39C8 /* Swift6006 */ = {isa = PBXFileReference; explicitFileType = "compiled.mach-o.executable"; includeInIndex = 0; path = Swift6006; sourceTree = BUILT_PRODUCTS_DIR; };
		3FAC842D24DEC6ED004B39C8 /* main.swift */ = {isa = PBXFileReference; lastKnownFileType = sourcecode.swift; path = main.swift; sourceTree = "<group>"; };
		3FAC843824DEC6FC004B39C8 /* Swift6006Tests.xctest */ = {isa = PBXFileReference; explicitFileType = wrapper.cfbundle; includeInIndex = 0; path = Swift6006Tests.xctest; sourceTree = BUILT_PRODUCTS_DIR; };
		3FAC843C24DEC6FC004B39C8 /* Info.plist */ = {isa = PBXFileReference; lastKnownFileType = text.plist.xml; path = Info.plist; sourceTree = "<group>"; };
		3FAC844224DECA11004B39C8 /* PeakFinding.swift */ = {isa = PBXFileReference; lastKnownFileType = sourcecode.swift; path = PeakFinding.swift; sourceTree = "<group>"; };
		3FAC844524DECA92004B39C8 /* PeakFindingTests.swift */ = {isa = PBXFileReference; lastKnownFileType = sourcecode.swift; path = PeakFindingTests.swift; sourceTree = "<group>"; };
		3FAC844724DF08B7004B39C8 /* ArrayExtensions.swift */ = {isa = PBXFileReference; lastKnownFileType = sourcecode.swift; path = ArrayExtensions.swift; sourceTree = "<group>"; };
		3FAC844A24DF0DD2004B39C8 /* CollectionExtensions.swift */ = {isa = PBXFileReference; lastKnownFileType = sourcecode.swift; path = CollectionExtensions.swift; sourceTree = "<group>"; };
		3FAC844D24DF1A43004B39C8 /* Array2D.swift */ = {isa = PBXFileReference; lastKnownFileType = sourcecode.swift; path = Array2D.swift; sourceTree = "<group>"; };
		3FAC845024DF1D42004B39C8 /* Array2DTests.swift */ = {isa = PBXFileReference; lastKnownFileType = sourcecode.swift; path = Array2DTests.swift; sourceTree = "<group>"; };
		3FCD8FD224E07CD700C5E575 /* DocumentSimilarity.swift */ = {isa = PBXFileReference; lastKnownFileType = sourcecode.swift; path = DocumentSimilarity.swift; sourceTree = "<group>"; };
		3FCD8FD424E0811C00C5E575 /* DocumentSimilarityTests.swift */ = {isa = PBXFileReference; lastKnownFileType = sourcecode.swift; path = DocumentSimilarityTests.swift; sourceTree = "<group>"; };
		3FCD8FD724E08A8500C5E575 /* Utils.swift */ = {isa = PBXFileReference; lastKnownFileType = sourcecode.swift; path = Utils.swift; sourceTree = "<group>"; };
		3FCD8FDA24E1933500C5E575 /* Sorting.swift */ = {isa = PBXFileReference; lastKnownFileType = sourcecode.swift; path = Sorting.swift; sourceTree = "<group>"; };
		3FCD8FDC24E1948700C5E575 /* SequenceExtensions.swift */ = {isa = PBXFileReference; lastKnownFileType = sourcecode.swift; path = SequenceExtensions.swift; sourceTree = "<group>"; };
		3FCD8FDE24E19AC500C5E575 /* IntExtensions.swift */ = {isa = PBXFileReference; lastKnownFileType = sourcecode.swift; path = IntExtensions.swift; sourceTree = "<group>"; };
		3FCD8FE024E19B2300C5E575 /* LinearSorting.swift */ = {isa = PBXFileReference; lastKnownFileType = sourcecode.swift; path = LinearSorting.swift; sourceTree = "<group>"; };
		3FCD8FE224E1A11D00C5E575 /* SortingTests.swift */ = {isa = PBXFileReference; lastKnownFileType = sourcecode.swift; path = SortingTests.swift; sourceTree = "<group>"; };
		3FCD8FE924E1B4C200C5E575 /* Heap.swift */ = {isa = PBXFileReference; lastKnownFileType = sourcecode.swift; path = Heap.swift; sourceTree = "<group>"; };
		3FCD8FEC24E1EFB700C5E575 /* LinearSortingTests.swift */ = {isa = PBXFileReference; lastKnownFileType = sourcecode.swift; path = LinearSortingTests.swift; sourceTree = "<group>"; };
		3FCD8FEF24E3CC8600C5E575 /* LinkedList.swift */ = {isa = PBXFileReference; lastKnownFileType = sourcecode.swift; path = LinkedList.swift; sourceTree = "<group>"; };
/* End PBXFileReference section */

/* Begin PBXFrameworksBuildPhase section */
		3FAC842724DEC6ED004B39C8 /* Frameworks */ = {
			isa = PBXFrameworksBuildPhase;
			buildActionMask = 2147483647;
			files = (
			);
			runOnlyForDeploymentPostprocessing = 0;
		};
		3FAC843524DEC6FC004B39C8 /* Frameworks */ = {
			isa = PBXFrameworksBuildPhase;
			buildActionMask = 2147483647;
			files = (
			);
			runOnlyForDeploymentPostprocessing = 0;
		};
/* End PBXFrameworksBuildPhase section */

/* Begin PBXGroup section */
		3F504CEC24E67F5B0095B3EF /* BinaryTrees */ = {
			isa = PBXGroup;
			children = (
				3F504CEE24E67F650095B3EF /* BinaryTreeNodeType.swift */,
				3F504CF924E6825D0095B3EF /* BinarySearchTreeNodeType.swift */,
				3F504CFC24E686F70095B3EF /* BinarySearchTreeNode.swift */,
				3F504CFF24E687970095B3EF /* BinarySearchTreeType.swift */,
				3F504D0224E687A60095B3EF /* BaseBinarySearchTree.swift */,
				3F504CF324E67FBB0095B3EF /* BinarySearchTree.swift */,
				3F504CF624E682210095B3EF /* AVLTree.swift */,
			);
			path = BinaryTrees;
			sourceTree = "<group>";
		};
		3F72BAE024EA97E300335D47 /* Graphs */ = {
			isa = PBXGroup;
			children = (
				3F72BAE424EA987500335D47 /* GraphSearch.swift */,
				3F72BAE124EA97F600335D47 /* UnweightedGraph.swift */,
				3F72BAE724EA98A000335D47 /* UnweightedGraphSearch.swift */,
				3F72BAEA24EA991400335D47 /* WeightedGraph.swift */,
				3F72BAF424EA9D6500335D47 /* WeightedGrapSearch.swift */,
			);
			path = Graphs;
			sourceTree = "<group>";
		};
		3F72BAED24EA99B900335D47 /* GraphAlgorithms */ = {
			isa = PBXGroup;
			children = (
				3F72BAEE24EA99CE00335D47 /* BreadthFirstSearch.swift */,
				3F72BAF124EA9A0A00335D47 /* DepthFirstSearch.swift */,
				3F72BAF724EA9EEA00335D47 /* Dijkstra.swift */,
				3F72BAFA24EA9F7E00335D47 /* BellmanFord.swift */,
				3F72BAFD24EAA00500335D47 /* TopologicalOrderExploration.swift */,
			);
			path = GraphAlgorithms;
			sourceTree = "<group>";
		};
		3F72BB0024EAA0DA00335D47 /* Problems */ = {
			isa = PBXGroup;
			children = (
				3F72BB1924EAA39200335D47 /* Dynamic Programming */,
				3F72BB0324EAA33000335D47 /* BinarySearchRotated.swift */,
				3F72BB1F24EAA5E900335D47 /* KthMin.swift */,
				3F72BB2224EAA64000335D47 /* MedianMaintaining.swift */,
				3F72BB2524EAA67000335D47 /* PartialMaxima.swift */,
				3F72BB0124EAA33000335D47 /* TedJoeTravel.swift */,
			);
			path = Problems;
			sourceTree = "<group>";
		};
		3F72BB1924EAA39200335D47 /* Dynamic Programming */ = {
			isa = PBXGroup;
			children = (
				3F72BB0624EAA33000335D47 /* LongestSortedSubsequence.swift */,
				3F72BB1624EAA37900335D47 /* Knapsack.swift */,
				3F72BB1324EAA37300335D47 /* TextJustification.swift */,
				3F72BB0524EAA33000335D47 /* Crazy8.swift */,
			);
			path = "Dynamic Programming";
			sourceTree = "<group>";
		};
		3FAC842124DEC6ED004B39C8 = {
			isa = PBXGroup;
			children = (
				3FAC842C24DEC6ED004B39C8 /* Swift6006 */,
				3FAC843924DEC6FC004B39C8 /* Swift6006Tests */,
				3FAC842B24DEC6ED004B39C8 /* Products */,
			);
			sourceTree = "<group>";
		};
		3FAC842B24DEC6ED004B39C8 /* Products */ = {
			isa = PBXGroup;
			children = (
				3FAC842A24DEC6ED004B39C8 /* Swift6006 */,
				3FAC843824DEC6FC004B39C8 /* Swift6006Tests.xctest */,
			);
			name = Products;
			sourceTree = "<group>";
		};
		3FAC842C24DEC6ED004B39C8 /* Swift6006 */ = {
			isa = PBXGroup;
			children = (
				3FAC842D24DEC6ED004B39C8 /* main.swift */,
				3FAC844124DEC79E004B39C8 /* Common */,
				3FCD8FD924E1810900C5E575 /* Data Structures */,
				3FAC844024DEC78E004B39C8 /* Algorithms */,
				3F72BB0024EAA0DA00335D47 /* Problems */,
			);
			path = Swift6006;
			sourceTree = "<group>";
		};
		3FAC843924DEC6FC004B39C8 /* Swift6006Tests */ = {
			isa = PBXGroup;
			children = (
				3FAC843C24DEC6FC004B39C8 /* Info.plist */,
				3FAC845024DF1D42004B39C8 /* Array2DTests.swift */,
				3F504CE824E67F4D0095B3EF /* AVLTreeUnitTests.swift */,
				3F504CE924E67F4D0095B3EF /* BSTUnitTests.swift */,
				3F504D0824E6BF0A0095B3EF /* BitwiseOperationsTests.swift */,
				3FCD8FD424E0811C00C5E575 /* DocumentSimilarityTests.swift */,
				3F72BB2824EAAFE100335D47 /* BinarySearchTests.swift */,
				3F504D1024E701D80095B3EF /* HashMapWithChainingTests.swift */,
				3F72BAD124E91E7C00335D47 /* KarpRobinTests.swift */,
				3F72BB1A24EAA4A700335D47 /* BreadthFirstSearchTests.swift */,
				3FCD8FEC24E1EFB700C5E575 /* LinearSortingTests.swift */,
				3F689DC324E582F90021AA2F /* LinkedListTests.swift */,
				3F72BADB24E9B50900335D47 /* KaratsubaTests.swift */,
				3F72BAD524E95CD500335D47 /* NewtonsMethodTests.swift */,
				3FAC844524DECA92004B39C8 /* PeakFindingTests.swift */,
				3FCD8FE224E1A11D00C5E575 /* SortingTests.swift */,
			);
			path = Swift6006Tests;
			sourceTree = "<group>";
		};
		3FAC844024DEC78E004B39C8 /* Algorithms */ = {
			isa = PBXGroup;
			children = (
				3F72BB1C24EAA59900335D47 /* BinarySearch.swift */,
				3F504D0524E6A5410095B3EF /* BitwiseOperations.swift */,
				3FCD8FD224E07CD700C5E575 /* DocumentSimilarity.swift */,
				3F72BAD824E9B30600335D47 /* Karatsuba.swift */,
				3F72BACC24E91E4000335D47 /* KarpRobin.swift */,
				3FCD8FE024E19B2300C5E575 /* LinearSorting.swift */,
				3F72BAD324E9596600335D47 /* NewtonsMethod.swift */,
				3FAC844224DECA11004B39C8 /* PeakFinding.swift */,
				3FCD8FDA24E1933500C5E575 /* Sorting.swift */,
				3F72BAED24EA99B900335D47 /* GraphAlgorithms */,
			);
			path = Algorithms;
			sourceTree = "<group>";
		};
		3FAC844124DEC79E004B39C8 /* Common */ = {
			isa = PBXGroup;
			children = (
				3FAC844724DF08B7004B39C8 /* ArrayExtensions.swift */,
				3F72BAC924E91CB900335D47 /* MathUtils.swift */,
				3FAC844A24DF0DD2004B39C8 /* CollectionExtensions.swift */,
				3FCD8FDE24E19AC500C5E575 /* IntExtensions.swift */,
				3FCD8FDC24E1948700C5E575 /* SequenceExtensions.swift */,
				3FCD8FD724E08A8500C5E575 /* Utils.swift */,
			);
			path = Common;
			sourceTree = "<group>";
		};
		3FCD8FD924E1810900C5E575 /* Data Structures */ = {
			isa = PBXGroup;
			children = (
				3FAC844D24DF1A43004B39C8 /* Array2D.swift */,
				3FCD8FE924E1B4C200C5E575 /* Heap.swift */,
				3FCD8FEF24E3CC8600C5E575 /* LinkedList.swift */,
				3F504D0D24E6EB250095B3EF /* HashMapType.swift */,
				3F504D0A24E6E68C0095B3EF /* HashMapWithChaining.swift */,
				3F72BAC624E91BD500335D47 /* RollingHash.swift */,
				3F72BAE024EA97E300335D47 /* Graphs */,
				3F504CEC24E67F5B0095B3EF /* BinaryTrees */,
			);
			path = "Data Structures";
			sourceTree = "<group>";
		};
/* End PBXGroup section */

/* Begin PBXNativeTarget section */
		3FAC842924DEC6ED004B39C8 /* Swift6006 */ = {
			isa = PBXNativeTarget;
			buildConfigurationList = 3FAC843124DEC6ED004B39C8 /* Build configuration list for PBXNativeTarget "Swift6006" */;
			buildPhases = (
				3FAC842624DEC6ED004B39C8 /* Sources */,
				3FAC842724DEC6ED004B39C8 /* Frameworks */,
				3FAC842824DEC6ED004B39C8 /* CopyFiles */,
			);
			buildRules = (
			);
			dependencies = (
			);
			name = Swift6006;
			productName = Swift6006;
			productReference = 3FAC842A24DEC6ED004B39C8 /* Swift6006 */;
			productType = "com.apple.product-type.tool";
		};
		3FAC843724DEC6FC004B39C8 /* Swift6006Tests */ = {
			isa = PBXNativeTarget;
			buildConfigurationList = 3FAC843D24DEC6FC004B39C8 /* Build configuration list for PBXNativeTarget "Swift6006Tests" */;
			buildPhases = (
				3FAC843424DEC6FC004B39C8 /* Sources */,
				3FAC843524DEC6FC004B39C8 /* Frameworks */,
				3FAC843624DEC6FC004B39C8 /* Resources */,
			);
			buildRules = (
			);
			dependencies = (
			);
			name = Swift6006Tests;
			productName = Swift6006Tests;
			productReference = 3FAC843824DEC6FC004B39C8 /* Swift6006Tests.xctest */;
			productType = "com.apple.product-type.bundle.unit-test";
		};
/* End PBXNativeTarget section */

/* Begin PBXProject section */
		3FAC842224DEC6ED004B39C8 /* Project object */ = {
			isa = PBXProject;
			attributes = {
				LastSwiftUpdateCheck = 1160;
				LastUpgradeCheck = 1160;
				ORGANIZATIONNAME = BDS;
				TargetAttributes = {
					3FAC842924DEC6ED004B39C8 = {
						CreatedOnToolsVersion = 11.6;
					};
					3FAC843724DEC6FC004B39C8 = {
						CreatedOnToolsVersion = 11.6;
					};
				};
			};
			buildConfigurationList = 3FAC842524DEC6ED004B39C8 /* Build configuration list for PBXProject "Swift6006" */;
			compatibilityVersion = "Xcode 9.3";
			developmentRegion = en;
			hasScannedForEncodings = 0;
			knownRegions = (
				en,
				Base,
			);
			mainGroup = 3FAC842124DEC6ED004B39C8;
			productRefGroup = 3FAC842B24DEC6ED004B39C8 /* Products */;
			projectDirPath = "";
			projectRoot = "";
			targets = (
				3FAC842924DEC6ED004B39C8 /* Swift6006 */,
				3FAC843724DEC6FC004B39C8 /* Swift6006Tests */,
			);
		};
/* End PBXProject section */

/* Begin PBXResourcesBuildPhase section */
		3FAC843624DEC6FC004B39C8 /* Resources */ = {
			isa = PBXResourcesBuildPhase;
			buildActionMask = 2147483647;
			files = (
			);
			runOnlyForDeploymentPostprocessing = 0;
		};
/* End PBXResourcesBuildPhase section */

/* Begin PBXSourcesBuildPhase section */
		3FAC842624DEC6ED004B39C8 /* Sources */ = {
			isa = PBXSourcesBuildPhase;
			buildActionMask = 2147483647;
			files = (
				3FAC842E24DEC6ED004B39C8 /* main.swift in Sources */,
				3F72BB1424EAA37300335D47 /* TextJustification.swift in Sources */,
				3FCD8FDD24E1948700C5E575 /* SequenceExtensions.swift in Sources */,
				3F72BAC724E91BD500335D47 /* RollingHash.swift in Sources */,
				3FAC844B24DF0DD2004B39C8 /* CollectionExtensions.swift in Sources */,
				3F72BAE824EA98A000335D47 /* UnweightedGraphSearch.swift in Sources */,
				3F72BAEB24EA991400335D47 /* WeightedGraph.swift in Sources */,
				3F72BAF824EA9EEA00335D47 /* Dijkstra.swift in Sources */,
				3F72BAD924E9B30600335D47 /* Karatsuba.swift in Sources */,
				3F72BAF524EA9D6500335D47 /* WeightedGrapSearch.swift in Sources */,
				3F504D0324E687A60095B3EF /* BaseBinarySearchTree.swift in Sources */,
				3F72BB0724EAA33000335D47 /* TedJoeTravel.swift in Sources */,
				3FCD8FEA24E1B4C200C5E575 /* Heap.swift in Sources */,
				3FCD8FD324E07CD700C5E575 /* DocumentSimilarity.swift in Sources */,
				3F504CF124E67F650095B3EF /* BinaryTreeNodeType.swift in Sources */,
				3F72BB2324EAA64100335D47 /* MedianMaintaining.swift in Sources */,
				3F504D0624E6A5410095B3EF /* BitwiseOperations.swift in Sources */,
				3F504D0E24E6EB250095B3EF /* HashMapType.swift in Sources */,
				3F72BAE224EA97F600335D47 /* UnweightedGraph.swift in Sources */,
				3F504CFD24E686F70095B3EF /* BinarySearchTreeNode.swift in Sources */,
				3F72BB0B24EAA33000335D47 /* BinarySearchRotated.swift in Sources */,
				3F504CFA24E6825D0095B3EF /* BinarySearchTreeNodeType.swift in Sources */,
				3F504CF724E682210095B3EF /* AVLTree.swift in Sources */,
				3FCD8FD824E08A8500C5E575 /* Utils.swift in Sources */,
				3F72BB2624EAA67100335D47 /* PartialMaxima.swift in Sources */,
				3F72BB1724EAA37900335D47 /* Knapsack.swift in Sources */,
				3FCD8FE124E19B2300C5E575 /* LinearSorting.swift in Sources */,
				3FCD8FDF24E19AC500C5E575 /* IntExtensions.swift in Sources */,
				3FAC844824DF08B7004B39C8 /* ArrayExtensions.swift in Sources */,
				3F72BAF224EA9A0A00335D47 /* DepthFirstSearch.swift in Sources */,
				3F72BB2024EAA5E900335D47 /* KthMin.swift in Sources */,
				3FAC844324DECA11004B39C8 /* PeakFinding.swift in Sources */,
				3F72BB1D24EAA59900335D47 /* BinarySearch.swift in Sources */,
				3F72BAFE24EAA00500335D47 /* TopologicalOrderExploration.swift in Sources */,
				3F504D0024E687970095B3EF /* BinarySearchTreeType.swift in Sources */,
				3F72BACD24E91E4000335D47 /* KarpRobin.swift in Sources */,
				3F72BAEF24EA99CE00335D47 /* BreadthFirstSearch.swift in Sources */,
				3F72BB0F24EAA33000335D47 /* Crazy8.swift in Sources */,
				3F72BB1124EAA33000335D47 /* LongestSortedSubsequence.swift in Sources */,
				3F72BAE524EA987500335D47 /* GraphSearch.swift in Sources */,
				3F504CF424E67FBB0095B3EF /* BinarySearchTree.swift in Sources */,
				3F504D0B24E6E68C0095B3EF /* HashMapWithChaining.swift in Sources */,
				3FCD8FDB24E1933500C5E575 /* Sorting.swift in Sources */,
				3FCD8FF024E3CC8600C5E575 /* LinkedList.swift in Sources */,
				3F72BAD424E9596600335D47 /* NewtonsMethod.swift in Sources */,
				3FAC844E24DF1A43004B39C8 /* Array2D.swift in Sources */,
				3F72BAFB24EA9F7E00335D47 /* BellmanFord.swift in Sources */,
				3F72BACA24E91CB900335D47 /* MathUtils.swift in Sources */,
			);
			runOnlyForDeploymentPostprocessing = 0;
		};
		3FAC843424DEC6FC004B39C8 /* Sources */ = {
			isa = PBXSourcesBuildPhase;
			buildActionMask = 2147483647;
			files = (
				3F504D1124E701D80095B3EF /* HashMapWithChainingTests.swift in Sources */,
				3FCD8FD524E0811C00C5E575 /* DocumentSimilarityTests.swift in Sources */,
				3FAC844C24DF0DD2004B39C8 /* CollectionExtensions.swift in Sources */,
				3FAC844F24DF1A43004B39C8 /* Array2D.swift in Sources */,
				3F504D0424E687A60095B3EF /* BaseBinarySearchTree.swift in Sources */,
				3FCD8FEB24E1C4C900C5E575 /* Heap.swift in Sources */,
				3FCD8FE724E1A23900C5E575 /* Utils.swift in Sources */,
				3F72BB1B24EAA4A700335D47 /* BreadthFirstSearchTests.swift in Sources */,
				3F72BB1024EAA33000335D47 /* Crazy8.swift in Sources */,
				3F72BB1224EAA33000335D47 /* LongestSortedSubsequence.swift in Sources */,
				3F72BAFC24EA9F7E00335D47 /* BellmanFord.swift in Sources */,
				3F72BAF324EA9A0A00335D47 /* DepthFirstSearch.swift in Sources */,
				3F72BB0C24EAA33000335D47 /* BinarySearchRotated.swift in Sources */,
				3F504CEB24E67F4D0095B3EF /* BSTUnitTests.swift in Sources */,
				3F72BAFF24EAA00500335D47 /* TopologicalOrderExploration.swift in Sources */,
				3F72BAE924EA98A000335D47 /* UnweightedGraphSearch.swift in Sources */,
				3F72BAC824E91BD500335D47 /* RollingHash.swift in Sources */,
				3F72BAF924EA9EEA00335D47 /* Dijkstra.swift in Sources */,
				3F504CF224E67F650095B3EF /* BinaryTreeNodeType.swift in Sources */,
				3F72BB2424EAA64100335D47 /* MedianMaintaining.swift in Sources */,
				3F504CF824E682210095B3EF /* AVLTree.swift in Sources */,
				3F504D0C24E6E68C0095B3EF /* HashMapWithChaining.swift in Sources */,
				3F504D0724E6A5410095B3EF /* BitwiseOperations.swift in Sources */,
				3F72BACB24E91CB900335D47 /* MathUtils.swift in Sources */,
				3F72BAD724E95D8500335D47 /* NewtonsMethod.swift in Sources */,
				3F72BADA24E9B30600335D47 /* Karatsuba.swift in Sources */,
				3FCD8FE824E1A23C00C5E575 /* LinearSorting.swift in Sources */,
				3F72BAF624EA9D6500335D47 /* WeightedGrapSearch.swift in Sources */,
				3F72BAF024EA99CE00335D47 /* BreadthFirstSearch.swift in Sources */,
				3FCD8FE624E1A23700C5E575 /* SequenceExtensions.swift in Sources */,
				3F72BB0824EAA33000335D47 /* TedJoeTravel.swift in Sources */,
				3F72BB2724EAA67100335D47 /* PartialMaxima.swift in Sources */,
				3F689DC524E583D40021AA2F /* LinkedList.swift in Sources */,
				3FAC844624DECA92004B39C8 /* PeakFindingTests.swift in Sources */,
				3F72BAD224E91E7C00335D47 /* KarpRobinTests.swift in Sources */,
				3F72BACE24E91E4000335D47 /* KarpRobin.swift in Sources */,
				3F72BB1E24EAA59900335D47 /* BinarySearch.swift in Sources */,
				3F504D0F24E6EB250095B3EF /* HashMapType.swift in Sources */,
				3FCD8FE424E1A22E00C5E575 /* Sorting.swift in Sources */,
				3F72BADC24E9B50900335D47 /* KaratsubaTests.swift in Sources */,
				3F72BB2924EAAFE100335D47 /* BinarySearchTests.swift in Sources */,
				3F504CEA24E67F4D0095B3EF /* AVLTreeUnitTests.swift in Sources */,
				3F504D0124E687970095B3EF /* BinarySearchTreeType.swift in Sources */,
				3F689DC424E582FA0021AA2F /* LinkedListTests.swift in Sources */,
				3F72BAEC24EA991400335D47 /* WeightedGraph.swift in Sources */,
				3FCD8FD624E084DF00C5E575 /* DocumentSimilarity.swift in Sources */,
				3FAC845124DF1D42004B39C8 /* Array2DTests.swift in Sources */,
				3FAC844424DECA11004B39C8 /* PeakFinding.swift in Sources */,
				3FCD8FE524E1A23300C5E575 /* IntExtensions.swift in Sources */,
				3F504CF524E67FBB0095B3EF /* BinarySearchTree.swift in Sources */,
				3F504CFB24E6825D0095B3EF /* BinarySearchTreeNodeType.swift in Sources */,
				3F504CFE24E686F70095B3EF /* BinarySearchTreeNode.swift in Sources */,
				3F72BAE324EA97F600335D47 /* UnweightedGraph.swift in Sources */,
				3F72BAD624E95CD500335D47 /* NewtonsMethodTests.swift in Sources */,
				3F72BB1824EAA37900335D47 /* Knapsack.swift in Sources */,
				3FCD8FED24E1EFB700C5E575 /* LinearSortingTests.swift in Sources */,
				3F72BB1524EAA37300335D47 /* TextJustification.swift in Sources */,
				3F72BB2124EAA5E900335D47 /* KthMin.swift in Sources */,
				3FCD8FE324E1A11D00C5E575 /* SortingTests.swift in Sources */,
				3FAC844924DF08B7004B39C8 /* ArrayExtensions.swift in Sources */,
				3F504D0924E6BF0A0095B3EF /* BitwiseOperationsTests.swift in Sources */,
				3F72BAE624EA987500335D47 /* GraphSearch.swift in Sources */,
			);
			runOnlyForDeploymentPostprocessing = 0;
		};
/* End PBXSourcesBuildPhase section */

/* Begin XCBuildConfiguration section */
		3FAC842F24DEC6ED004B39C8 /* Debug */ = {
			isa = XCBuildConfiguration;
			buildSettings = {
				ALWAYS_SEARCH_USER_PATHS = NO;
				CLANG_ANALYZER_NONNULL = YES;
				CLANG_ANALYZER_NUMBER_OBJECT_CONVERSION = YES_AGGRESSIVE;
				CLANG_CXX_LANGUAGE_STANDARD = "gnu++14";
				CLANG_CXX_LIBRARY = "libc++";
				CLANG_ENABLE_MODULES = YES;
				CLANG_ENABLE_OBJC_ARC = YES;
				CLANG_ENABLE_OBJC_WEAK = YES;
				CLANG_WARN_BLOCK_CAPTURE_AUTORELEASING = YES;
				CLANG_WARN_BOOL_CONVERSION = YES;
				CLANG_WARN_COMMA = YES;
				CLANG_WARN_CONSTANT_CONVERSION = YES;
				CLANG_WARN_DEPRECATED_OBJC_IMPLEMENTATIONS = YES;
				CLANG_WARN_DIRECT_OBJC_ISA_USAGE = YES_ERROR;
				CLANG_WARN_DOCUMENTATION_COMMENTS = YES;
				CLANG_WARN_EMPTY_BODY = YES;
				CLANG_WARN_ENUM_CONVERSION = YES;
				CLANG_WARN_INFINITE_RECURSION = YES;
				CLANG_WARN_INT_CONVERSION = YES;
				CLANG_WARN_NON_LITERAL_NULL_CONVERSION = YES;
				CLANG_WARN_OBJC_IMPLICIT_RETAIN_SELF = YES;
				CLANG_WARN_OBJC_LITERAL_CONVERSION = YES;
				CLANG_WARN_OBJC_ROOT_CLASS = YES_ERROR;
				CLANG_WARN_RANGE_LOOP_ANALYSIS = YES;
				CLANG_WARN_STRICT_PROTOTYPES = YES;
				CLANG_WARN_SUSPICIOUS_MOVE = YES;
				CLANG_WARN_UNGUARDED_AVAILABILITY = YES_AGGRESSIVE;
				CLANG_WARN_UNREACHABLE_CODE = YES;
				CLANG_WARN__DUPLICATE_METHOD_MATCH = YES;
				COPY_PHASE_STRIP = NO;
				DEBUG_INFORMATION_FORMAT = dwarf;
				ENABLE_STRICT_OBJC_MSGSEND = YES;
				ENABLE_TESTABILITY = YES;
				GCC_C_LANGUAGE_STANDARD = gnu11;
				GCC_DYNAMIC_NO_PIC = NO;
				GCC_NO_COMMON_BLOCKS = YES;
				GCC_OPTIMIZATION_LEVEL = 0;
				GCC_PREPROCESSOR_DEFINITIONS = (
					"DEBUG=1",
					"$(inherited)",
				);
				GCC_WARN_64_TO_32_BIT_CONVERSION = YES;
				GCC_WARN_ABOUT_RETURN_TYPE = YES_ERROR;
				GCC_WARN_UNDECLARED_SELECTOR = YES;
				GCC_WARN_UNINITIALIZED_AUTOS = YES_AGGRESSIVE;
				GCC_WARN_UNUSED_FUNCTION = YES;
				GCC_WARN_UNUSED_VARIABLE = YES;
				MACOSX_DEPLOYMENT_TARGET = 10.15;
				MTL_ENABLE_DEBUG_INFO = INCLUDE_SOURCE;
				MTL_FAST_MATH = YES;
				ONLY_ACTIVE_ARCH = YES;
				SDKROOT = macosx;
				SWIFT_ACTIVE_COMPILATION_CONDITIONS = DEBUG;
				SWIFT_OPTIMIZATION_LEVEL = "-Onone";
			};
			name = Debug;
		};
		3FAC843024DEC6ED004B39C8 /* Release */ = {
			isa = XCBuildConfiguration;
			buildSettings = {
				ALWAYS_SEARCH_USER_PATHS = NO;
				CLANG_ANALYZER_NONNULL = YES;
				CLANG_ANALYZER_NUMBER_OBJECT_CONVERSION = YES_AGGRESSIVE;
				CLANG_CXX_LANGUAGE_STANDARD = "gnu++14";
				CLANG_CXX_LIBRARY = "libc++";
				CLANG_ENABLE_MODULES = YES;
				CLANG_ENABLE_OBJC_ARC = YES;
				CLANG_ENABLE_OBJC_WEAK = YES;
				CLANG_WARN_BLOCK_CAPTURE_AUTORELEASING = YES;
				CLANG_WARN_BOOL_CONVERSION = YES;
				CLANG_WARN_COMMA = YES;
				CLANG_WARN_CONSTANT_CONVERSION = YES;
				CLANG_WARN_DEPRECATED_OBJC_IMPLEMENTATIONS = YES;
				CLANG_WARN_DIRECT_OBJC_ISA_USAGE = YES_ERROR;
				CLANG_WARN_DOCUMENTATION_COMMENTS = YES;
				CLANG_WARN_EMPTY_BODY = YES;
				CLANG_WARN_ENUM_CONVERSION = YES;
				CLANG_WARN_INFINITE_RECURSION = YES;
				CLANG_WARN_INT_CONVERSION = YES;
				CLANG_WARN_NON_LITERAL_NULL_CONVERSION = YES;
				CLANG_WARN_OBJC_IMPLICIT_RETAIN_SELF = YES;
				CLANG_WARN_OBJC_LITERAL_CONVERSION = YES;
				CLANG_WARN_OBJC_ROOT_CLASS = YES_ERROR;
				CLANG_WARN_RANGE_LOOP_ANALYSIS = YES;
				CLANG_WARN_STRICT_PROTOTYPES = YES;
				CLANG_WARN_SUSPICIOUS_MOVE = YES;
				CLANG_WARN_UNGUARDED_AVAILABILITY = YES_AGGRESSIVE;
				CLANG_WARN_UNREACHABLE_CODE = YES;
				CLANG_WARN__DUPLICATE_METHOD_MATCH = YES;
				COPY_PHASE_STRIP = NO;
				DEBUG_INFORMATION_FORMAT = "dwarf-with-dsym";
				ENABLE_NS_ASSERTIONS = NO;
				ENABLE_STRICT_OBJC_MSGSEND = YES;
				GCC_C_LANGUAGE_STANDARD = gnu11;
				GCC_NO_COMMON_BLOCKS = YES;
				GCC_WARN_64_TO_32_BIT_CONVERSION = YES;
				GCC_WARN_ABOUT_RETURN_TYPE = YES_ERROR;
				GCC_WARN_UNDECLARED_SELECTOR = YES;
				GCC_WARN_UNINITIALIZED_AUTOS = YES_AGGRESSIVE;
				GCC_WARN_UNUSED_FUNCTION = YES;
				GCC_WARN_UNUSED_VARIABLE = YES;
				MACOSX_DEPLOYMENT_TARGET = 10.15;
				MTL_ENABLE_DEBUG_INFO = NO;
				MTL_FAST_MATH = YES;
				SDKROOT = macosx;
				SWIFT_COMPILATION_MODE = wholemodule;
				SWIFT_OPTIMIZATION_LEVEL = "-O";
			};
			name = Release;
		};
		3FAC843224DEC6ED004B39C8 /* Debug */ = {
			isa = XCBuildConfiguration;
			buildSettings = {
				CODE_SIGN_STYLE = Automatic;
				DEVELOPMENT_TEAM = 8D68W6F9FQ;
				ENABLE_HARDENED_RUNTIME = YES;
				PRODUCT_NAME = "$(TARGET_NAME)";
				SWIFT_VERSION = 5.0;
			};
			name = Debug;
		};
		3FAC843324DEC6ED004B39C8 /* Release */ = {
			isa = XCBuildConfiguration;
			buildSettings = {
				CODE_SIGN_STYLE = Automatic;
				DEVELOPMENT_TEAM = 8D68W6F9FQ;
				ENABLE_HARDENED_RUNTIME = YES;
				PRODUCT_NAME = "$(TARGET_NAME)";
				SWIFT_VERSION = 5.0;
			};
			name = Release;
		};
		3FAC843E24DEC6FC004B39C8 /* Debug */ = {
			isa = XCBuildConfiguration;
			buildSettings = {
				CODE_SIGN_STYLE = Automatic;
				COMBINE_HIDPI_IMAGES = YES;
				DEVELOPMENT_TEAM = 8D68W6F9FQ;
				INFOPLIST_FILE = Swift6006Tests/Info.plist;
				LD_RUNPATH_SEARCH_PATHS = (
					"$(inherited)",
					"@executable_path/../Frameworks",
					"@loader_path/../Frameworks",
				);
				PRODUCT_BUNDLE_IDENTIFIER = com.bds.Swift6006Tests;
				PRODUCT_NAME = "$(TARGET_NAME)";
				SWIFT_VERSION = 5.0;
			};
			name = Debug;
		};
		3FAC843F24DEC6FC004B39C8 /* Release */ = {
			isa = XCBuildConfiguration;
			buildSettings = {
				CODE_SIGN_STYLE = Automatic;
				COMBINE_HIDPI_IMAGES = YES;
				DEVELOPMENT_TEAM = 8D68W6F9FQ;
				INFOPLIST_FILE = Swift6006Tests/Info.plist;
				LD_RUNPATH_SEARCH_PATHS = (
					"$(inherited)",
					"@executable_path/../Frameworks",
					"@loader_path/../Frameworks",
				);
				PRODUCT_BUNDLE_IDENTIFIER = com.bds.Swift6006Tests;
				PRODUCT_NAME = "$(TARGET_NAME)";
				SWIFT_VERSION = 5.0;
			};
			name = Release;
		};
/* End XCBuildConfiguration section */

/* Begin XCConfigurationList section */
		3FAC842524DEC6ED004B39C8 /* Build configuration list for PBXProject "Swift6006" */ = {
			isa = XCConfigurationList;
			buildConfigurations = (
				3FAC842F24DEC6ED004B39C8 /* Debug */,
				3FAC843024DEC6ED004B39C8 /* Release */,
			);
			defaultConfigurationIsVisible = 0;
			defaultConfigurationName = Release;
		};
		3FAC843124DEC6ED004B39C8 /* Build configuration list for PBXNativeTarget "Swift6006" */ = {
			isa = XCConfigurationList;
			buildConfigurations = (
				3FAC843224DEC6ED004B39C8 /* Debug */,
				3FAC843324DEC6ED004B39C8 /* Release */,
			);
			defaultConfigurationIsVisible = 0;
			defaultConfigurationName = Release;
		};
		3FAC843D24DEC6FC004B39C8 /* Build configuration list for PBXNativeTarget "Swift6006Tests" */ = {
			isa = XCConfigurationList;
			buildConfigurations = (
				3FAC843E24DEC6FC004B39C8 /* Debug */,
				3FAC843F24DEC6FC004B39C8 /* Release */,
			);
			defaultConfigurationIsVisible = 0;
			defaultConfigurationName = Release;
		};
/* End XCConfigurationList section */
	};
	rootObject = 3FAC842224DEC6ED004B39C8 /* Project object */;
}
